
Microsoft Visual Studio Solution File, Format Version 12.00
# Visual Studio Version 16
VisualStudioVersion = 16.0.32228.343
MinimumVisualStudioVersion = 10.0.40219.1
Project("{FAE04EC0-301F-11D3-BF4B-00C04F79EFBC}") = "ConsoleAppshr", "ConsoleAppshr\ConsoleAppshr.csproj", "{8644A6B1-5DE1-4BCA-A6E9-D1F0024BE66E}"
EndProject
Project("{FAE04EC0-301F-11D3-BF4B-00C04F79EFBC}") = "unitTestProjectshr", "unitTestProjectshr\unitTestProjectshr.csproj", "{48931788-DA92-406A-8CC1-937A30C77936}"
EndProject
Global
	GlobalSection(SolutionConfigurationPlatforms) = preSolution
		Debug|Any CPU = Debug|Any CPU
		Release|Any CPU = Release|Any CPU
	EndGlobalSection
	GlobalSection(ProjectConfigurationPlatforms) = postSolution
		{8644A6B1-5DE1-4BCA-A6E9-D1F0024BE66E}.Debug|Any CPU.ActiveCfg = Debug|Any CPU
		{8644A6B1-5DE1-4BCA-A6E9-D1F0024BE66E}.Debug|Any CPU.Build.0 = Debug|Any CPU
		{8644A6B1-5DE1-4BCA-A6E9-D1F0024BE66E}.Release|Any CPU.ActiveCfg = Release|Any CPU
		{8644A6B1-5DE1-4BCA-A6E9-D1F0024BE66E}.Release|Any CPU.Build.0 = Release|Any CPU
		{48931788-DA92-406A-8CC1-937A30C77936}.Debug|Any CPU.ActiveCfg = Debug|Any CPU
		{48931788-DA92-406A-8CC1-937A30C77936}.Debug|Any CPU.Build.0 = Debug|Any CPU
		{48931788-DA92-406A-8CC1-937A30C77936}.Release|Any CPU.ActiveCfg = Release|Any CPU
		{48931788-DA92-406A-8CC1-937A30C77936}.Release|Any CPU.Build.0 = Release|Any CPU
	EndGlobalSection
	GlobalSection(SolutionProperties) = preSolution
		HideSolutionNode = FALSE
	EndGlobalSection
	GlobalSection(ExtensibilityGlobals) = postSolution
		SolutionGuid = {224C4CF9-603A-4F41-9C08-9F581344AD32}
	EndGlobalSection
EndGlobal
